{
  "name": "agentkit-seo",
  "version": "2.0.1",
  "lockfileVersion": 3,
  "requires": true,
  "packages": {
    "": {
      "name": "agentkit-seo",
      "version": "2.0.1",
      "license": "MIT",
      "dependencies": {
        "vitaecontext": "^2.0.0"
      },
      "bin": {
        "agentkit-seo": "bin/agentkit-seo.mjs"
      }
    },
    "node_modules/vitaecontext": {
      "version": "2.0.0",
      "resolved": "https://registry.npmjs.org/vitaecontext/-/vitaecontext-2.0.0.tgz",
      "integrity": "sha512-ti6JgVe5GlNxxN4TAnTSqHBAzUogcAnAP5DgXDgqkPq7QdZUKK4wYv5Zytg5sn4oYVVwSBYiaGO1sCD/zeYm/Q==",
      "license": "MIT",
      "bin": {
        "agentkit-seo": ".skills/export/scripts/vitaecontext.mjs",
        "vitaecontext": ".skills/export/scripts/vitaecontext.mjs"
      }
    }
  }
}
